// !$*UTF8*$!
{
	archiveVersion = 1;
	classes = {
	};
	objectVersion = 50;
	objects = {

/* Begin PBXBuildFile section */
		A127BE33209F9919004D4B0C /* AppDelegate.swift in Sources */ = {isa = PBXBuildFile; fileRef = A127BE32209F9919004D4B0C /* AppDelegate.swift */; };
		A127BE38209F9919004D4B0C /* Main.storyboard in Resources */ = {isa = PBXBuildFile; fileRef = A127BE36209F9919004D4B0C /* Main.storyboard */; };
		A127BE3A209F991D004D4B0C /* Assets.xcassets in Resources */ = {isa = PBXBuildFile; fileRef = A127BE39209F991D004D4B0C /* Assets.xcassets */; };
		A127BE3D209F991D004D4B0C /* LaunchScreen.storyboard in Resources */ = {isa = PBXBuildFile; fileRef = A127BE3B209F991D004D4B0C /* LaunchScreen.storyboard */; };
		A127BE48209F991D004D4B0C /* ListCompaniesViewModelTests.swift in Sources */ = {isa = PBXBuildFile; fileRef = A127BE47209F991D004D4B0C /* ListCompaniesViewModelTests.swift */; };
		A127BE53209FFCD8004D4B0C /* Box.swift in Sources */ = {isa = PBXBuildFile; fileRef = A127BE52209FFCD8004D4B0C /* Box.swift */; };
		A127BE57209FFE99004D4B0C /* Company.swift in Sources */ = {isa = PBXBuildFile; fileRef = A127BE56209FFE99004D4B0C /* Company.swift */; };
		A127BE59209FFF79004D4B0C /* ModelProtocol.swift in Sources */ = {isa = PBXBuildFile; fileRef = A127BE58209FFF79004D4B0C /* ModelProtocol.swift */; };
		A127BE5C20A209A4004D4B0C /* ListCompaniesTableViewController.swift in Sources */ = {isa = PBXBuildFile; fileRef = A127BE5B20A209A4004D4B0C /* ListCompaniesTableViewController.swift */; };
		A127BE5F20A248BF004D4B0C /* CompanyCell.swift in Sources */ = {isa = PBXBuildFile; fileRef = A127BE5E20A248BF004D4B0C /* CompanyCell.swift */; };
		A127BE6120A249B0004D4B0C /* CompanyPresentation.swift in Sources */ = {isa = PBXBuildFile; fileRef = A127BE6020A249B0004D4B0C /* CompanyPresentation.swift */; };
		A127BE6320A24BE9004D4B0C /* RetrieveContacts.swift in Sources */ = {isa = PBXBuildFile; fileRef = A127BE6220A24BE9004D4B0C /* RetrieveContacts.swift */; };
		A127BE6520A24BF4004D4B0C /* InMemoryContacts.swift in Sources */ = {isa = PBXBuildFile; fileRef = A127BE6420A24BF4004D4B0C /* InMemoryContacts.swift */; };
		A127BE6920A24EA0004D4B0C /* CompanyCoreDataModel.xcdatamodeld in Sources */ = {isa = PBXBuildFile; fileRef = A127BE6720A24EA0004D4B0C /* CompanyCoreDataModel.xcdatamodeld */; };
		A127BE6B20A2566E004D4B0C /* ListCompaniesViewModel.swift in Sources */ = {isa = PBXBuildFile; fileRef = A127BE6A20A2566E004D4B0C /* ListCompaniesViewModel.swift */; };
		A127BE6D20A2642D004D4B0C /* RetrieveContactsMock.swift in Sources */ = {isa = PBXBuildFile; fileRef = A127BE6C20A2642D004D4B0C /* RetrieveContactsMock.swift */; };
		A127BE6F20A264F5004D4B0C /* RetrieveContactsFailureMock.swift in Sources */ = {isa = PBXBuildFile; fileRef = A127BE6E20A264F5004D4B0C /* RetrieveContactsFailureMock.swift */; };
		A127BE7120A337F5004D4B0C /* RetrieveContactsData.swift in Sources */ = {isa = PBXBuildFile; fileRef = A127BE7020A337F5004D4B0C /* RetrieveContactsData.swift */; };
		A127BE7320A36C4D004D4B0C /* Do.swift in Sources */ = {isa = PBXBuildFile; fileRef = A127BE7220A36C4D004D4B0C /* Do.swift */; };
		A127BE7720A39A79004D4B0C /* DetailCompanyTableViewController.swift in Sources */ = {isa = PBXBuildFile; fileRef = A127BE7620A39A79004D4B0C /* DetailCompanyTableViewController.swift */; };
		A127BE7920A39A90004D4B0C /* CreateCompanyTableViewController.swift in Sources */ = {isa = PBXBuildFile; fileRef = A127BE7820A39A90004D4B0C /* CreateCompanyTableViewController.swift */; };
		A127BE7B20A3AAFD004D4B0C /* DetailCompanyPresentation.swift in Sources */ = {isa = PBXBuildFile; fileRef = A127BE7A20A3AAFD004D4B0C /* DetailCompanyPresentation.swift */; };
		A127BE7D20A3B3B5004D4B0C /* DetailCompanyViewModel.swift in Sources */ = {isa = PBXBuildFile; fileRef = A127BE7C20A3B3B5004D4B0C /* DetailCompanyViewModel.swift */; };
		A127BE7F20A49CF8004D4B0C /* CreateCompanyViewModel.swift in Sources */ = {isa = PBXBuildFile; fileRef = A127BE7E20A49CF8004D4B0C /* CreateCompanyViewModel.swift */; };
		A127BE8120A4A0F2004D4B0C /* CreateCompanyPresentation.swift in Sources */ = {isa = PBXBuildFile; fileRef = A127BE8020A4A0F2004D4B0C /* CreateCompanyPresentation.swift */; };
		A127BE8420A4C053004D4B0C /* VSTextField.framework in Frameworks */ = {isa = PBXBuildFile; fileRef = A127BE8320A4C053004D4B0C /* VSTextField.framework */; };
		A127BE8820A4DA7E004D4B0C /* UIViewController+Extension.swift in Sources */ = {isa = PBXBuildFile; fileRef = A127BE8720A4DA7E004D4B0C /* UIViewController+Extension.swift */; };
		A127BE8B20A60952004D4B0C /* DetailCompanyViewModelTests.swift in Sources */ = {isa = PBXBuildFile; fileRef = A127BE8A20A60952004D4B0C /* DetailCompanyViewModelTests.swift */; };
/* End PBXBuildFile section */

/* Begin PBXContainerItemProxy section */
		A127BE44209F991D004D4B0C /* PBXContainerItemProxy */ = {
			isa = PBXContainerItemProxy;
			containerPortal = A127BE27209F9919004D4B0C /* Project object */;
			proxyType = 1;
			remoteGlobalIDString = A127BE2E209F9919004D4B0C;
			remoteInfo = CompanyRegistration;
		};
/* End PBXContainerItemProxy section */

/* Begin PBXFileReference section */
		A127BE2F209F9919004D4B0C /* CompanyRegistration.app */ = {isa = PBXFileReference; explicitFileType = wrapper.application; includeInIndex = 0; path = CompanyRegistration.app; sourceTree = BUILT_PRODUCTS_DIR; };
		A127BE32209F9919004D4B0C /* AppDelegate.swift */ = {isa = PBXFileReference; lastKnownFileType = sourcecode.swift; path = AppDelegate.swift; sourceTree = "<group>"; };
		A127BE37209F9919004D4B0C /* Base */ = {isa = PBXFileReference; lastKnownFileType = file.storyboard; name = Base; path = Base.lproj/Main.storyboard; sourceTree = "<group>"; };
		A127BE39209F991D004D4B0C /* Assets.xcassets */ = {isa = PBXFileReference; lastKnownFileType = folder.assetcatalog; path = Assets.xcassets; sourceTree = "<group>"; };
		A127BE3C209F991D004D4B0C /* Base */ = {isa = PBXFileReference; lastKnownFileType = file.storyboard; name = Base; path = Base.lproj/LaunchScreen.storyboard; sourceTree = "<group>"; };
		A127BE3E209F991D004D4B0C /* Info.plist */ = {isa = PBXFileReference; lastKnownFileType = text.plist.xml; path = Info.plist; sourceTree = "<group>"; };
		A127BE43209F991D004D4B0C /* CompanyRegistrationTests.xctest */ = {isa = PBXFileReference; explicitFileType = wrapper.cfbundle; includeInIndex = 0; path = CompanyRegistrationTests.xctest; sourceTree = BUILT_PRODUCTS_DIR; };
		A127BE47209F991D004D4B0C /* ListCompaniesViewModelTests.swift */ = {isa = PBXFileReference; lastKnownFileType = sourcecode.swift; path = ListCompaniesViewModelTests.swift; sourceTree = "<group>"; };
		A127BE49209F991D004D4B0C /* Info.plist */ = {isa = PBXFileReference; lastKnownFileType = text.plist.xml; path = Info.plist; sourceTree = "<group>"; };
		A127BE52209FFCD8004D4B0C /* Box.swift */ = {isa = PBXFileReference; lastKnownFileType = sourcecode.swift; path = Box.swift; sourceTree = "<group>"; };
		A127BE56209FFE99004D4B0C /* Company.swift */ = {isa = PBXFileReference; lastKnownFileType = sourcecode.swift; path = Company.swift; sourceTree = "<group>"; };
		A127BE58209FFF79004D4B0C /* ModelProtocol.swift */ = {isa = PBXFileReference; lastKnownFileType = sourcecode.swift; path = ModelProtocol.swift; sourceTree = "<group>"; };
		A127BE5B20A209A4004D4B0C /* ListCompaniesTableViewController.swift */ = {isa = PBXFileReference; lastKnownFileType = sourcecode.swift; path = ListCompaniesTableViewController.swift; sourceTree = "<group>"; };
		A127BE5E20A248BF004D4B0C /* CompanyCell.swift */ = {isa = PBXFileReference; lastKnownFileType = sourcecode.swift; path = CompanyCell.swift; sourceTree = "<group>"; };
		A127BE6020A249B0004D4B0C /* CompanyPresentation.swift */ = {isa = PBXFileReference; lastKnownFileType = sourcecode.swift; path = CompanyPresentation.swift; sourceTree = "<group>"; };
		A127BE6220A24BE9004D4B0C /* RetrieveContacts.swift */ = {isa = PBXFileReference; lastKnownFileType = sourcecode.swift; path = RetrieveContacts.swift; sourceTree = "<group>"; };
		A127BE6420A24BF4004D4B0C /* InMemoryContacts.swift */ = {isa = PBXFileReference; lastKnownFileType = sourcecode.swift; path = InMemoryContacts.swift; sourceTree = "<group>"; };
		A127BE6820A24EA0004D4B0C /* CompanyCoreDataModel.xcdatamodel */ = {isa = PBXFileReference; lastKnownFileType = wrapper.xcdatamodel; path = CompanyCoreDataModel.xcdatamodel; sourceTree = "<group>"; };
		A127BE6A20A2566E004D4B0C /* ListCompaniesViewModel.swift */ = {isa = PBXFileReference; lastKnownFileType = sourcecode.swift; path = ListCompaniesViewModel.swift; sourceTree = "<group>"; };
		A127BE6C20A2642D004D4B0C /* RetrieveContactsMock.swift */ = {isa = PBXFileReference; lastKnownFileType = sourcecode.swift; path = RetrieveContactsMock.swift; sourceTree = "<group>"; };
		A127BE6E20A264F5004D4B0C /* RetrieveContactsFailureMock.swift */ = {isa = PBXFileReference; lastKnownFileType = sourcecode.swift; path = RetrieveContactsFailureMock.swift; sourceTree = "<group>"; };
		A127BE7020A337F5004D4B0C /* RetrieveContactsData.swift */ = {isa = PBXFileReference; lastKnownFileType = sourcecode.swift; path = RetrieveContactsData.swift; sourceTree = "<group>"; };
		A127BE7220A36C4D004D4B0C /* Do.swift */ = {isa = PBXFileReference; lastKnownFileType = sourcecode.swift; path = Do.swift; sourceTree = "<group>"; };
		A127BE7620A39A79004D4B0C /* DetailCompanyTableViewController.swift */ = {isa = PBXFileReference; lastKnownFileType = sourcecode.swift; path = DetailCompanyTableViewController.swift; sourceTree = "<group>"; };
		A127BE7820A39A90004D4B0C /* CreateCompanyTableViewController.swift */ = {isa = PBXFileReference; lastKnownFileType = sourcecode.swift; path = CreateCompanyTableViewController.swift; sourceTree = "<group>"; };
		A127BE7A20A3AAFD004D4B0C /* DetailCompanyPresentation.swift */ = {isa = PBXFileReference; lastKnownFileType = sourcecode.swift; path = DetailCompanyPresentation.swift; sourceTree = "<group>"; };
		A127BE7C20A3B3B5004D4B0C /* DetailCompanyViewModel.swift */ = {isa = PBXFileReference; lastKnownFileType = sourcecode.swift; path = DetailCompanyViewModel.swift; sourceTree = "<group>"; };
		A127BE7E20A49CF8004D4B0C /* CreateCompanyViewModel.swift */ = {isa = PBXFileReference; lastKnownFileType = sourcecode.swift; path = CreateCompanyViewModel.swift; sourceTree = "<group>"; };
		A127BE8020A4A0F2004D4B0C /* CreateCompanyPresentation.swift */ = {isa = PBXFileReference; lastKnownFileType = sourcecode.swift; path = CreateCompanyPresentation.swift; sourceTree = "<group>"; };
		A127BE8320A4C053004D4B0C /* VSTextField.framework */ = {isa = PBXFileReference; lastKnownFileType = wrapper.framework; name = VSTextField.framework; path = Carthage/Build/iOS/VSTextField.framework; sourceTree = "<group>"; };
		A127BE8720A4DA7E004D4B0C /* UIViewController+Extension.swift */ = {isa = PBXFileReference; lastKnownFileType = sourcecode.swift; path = "UIViewController+Extension.swift"; sourceTree = "<group>"; };
		A127BE8A20A60952004D4B0C /* DetailCompanyViewModelTests.swift */ = {isa = PBXFileReference; lastKnownFileType = sourcecode.swift; path = DetailCompanyViewModelTests.swift; sourceTree = "<group>"; };
/* End PBXFileReference section */

/* Begin PBXFrameworksBuildPhase section */
		A127BE2C209F9919004D4B0C /* Frameworks */ = {
			isa = PBXFrameworksBuildPhase;
			buildActionMask = 2147483647;
			files = (
				A127BE8420A4C053004D4B0C /* VSTextField.framework in Frameworks */,
			);
			runOnlyForDeploymentPostprocessing = 0;
		};
		A127BE40209F991D004D4B0C /* Frameworks */ = {
			isa = PBXFrameworksBuildPhase;
			buildActionMask = 2147483647;
			files = (
			);
			runOnlyForDeploymentPostprocessing = 0;
		};
/* End PBXFrameworksBuildPhase section */

/* Begin PBXGroup section */
		A127BE26209F9919004D4B0C = {
			isa = PBXGroup;
			children = (
				A127BE31209F9919004D4B0C /* CompanyRegistration */,
				A127BE46209F991D004D4B0C /* CompanyRegistrationTests */,
				A127BE30209F9919004D4B0C /* Products */,
				A127BE8220A4C052004D4B0C /* Frameworks */,
			);
			sourceTree = "<group>";
		};
		A127BE30209F9919004D4B0C /* Products */ = {
			isa = PBXGroup;
			children = (
				A127BE2F209F9919004D4B0C /* CompanyRegistration.app */,
				A127BE43209F991D004D4B0C /* CompanyRegistrationTests.xctest */,
			);
			name = Products;
			sourceTree = "<group>";
		};
		A127BE31209F9919004D4B0C /* CompanyRegistration */ = {
			isa = PBXGroup;
			children = (
				A127BE8620A4DA6C004D4B0C /* Extensions */,
				A127BE6620A24E60004D4B0C /* Data */,
				A127BE5A20A2069B004D4B0C /* Presentation */,
				A127BE54209FFE06004D4B0C /* Domain */,
				A127BE32209F9919004D4B0C /* AppDelegate.swift */,
				A127BE39209F991D004D4B0C /* Assets.xcassets */,
				A127BE3B209F991D004D4B0C /* LaunchScreen.storyboard */,
				A127BE3E209F991D004D4B0C /* Info.plist */,
				A127BE52209FFCD8004D4B0C /* Box.swift */,
				A127BE7220A36C4D004D4B0C /* Do.swift */,
			);
			path = CompanyRegistration;
			sourceTree = "<group>";
		};
		A127BE46209F991D004D4B0C /* CompanyRegistrationTests */ = {
			isa = PBXGroup;
			children = (
				A127BE8A20A60952004D4B0C /* DetailCompanyViewModelTests.swift */,
				A127BE47209F991D004D4B0C /* ListCompaniesViewModelTests.swift */,
				A127BE6C20A2642D004D4B0C /* RetrieveContactsMock.swift */,
				A127BE6E20A264F5004D4B0C /* RetrieveContactsFailureMock.swift */,
				A127BE49209F991D004D4B0C /* Info.plist */,
			);
			path = CompanyRegistrationTests;
			sourceTree = "<group>";
		};
		A127BE54209FFE06004D4B0C /* Domain */ = {
			isa = PBXGroup;
			children = (
				A127BE55209FFE20004D4B0C /* Model */,
				A127BE6220A24BE9004D4B0C /* RetrieveContacts.swift */,
				A127BE6420A24BF4004D4B0C /* InMemoryContacts.swift */,
				A127BE7020A337F5004D4B0C /* RetrieveContactsData.swift */,
			);
			path = Domain;
			sourceTree = "<group>";
		};
		A127BE55209FFE20004D4B0C /* Model */ = {
			isa = PBXGroup;
			children = (
				A127BE56209FFE99004D4B0C /* Company.swift */,
				A127BE58209FFF79004D4B0C /* ModelProtocol.swift */,
			);
			path = Model;
			sourceTree = "<group>";
		};
		A127BE5A20A2069B004D4B0C /* Presentation */ = {
			isa = PBXGroup;
			children = (
				A127BE7520A39A60004D4B0C /* CreateCompany */,
				A127BE7420A39A51004D4B0C /* DetailCompany */,
				A127BE5D20A22908004D4B0C /* ListCompanies */,
				A127BE36209F9919004D4B0C /* Main.storyboard */,
			);
			path = Presentation;
			sourceTree = "<group>";
		};
		A127BE5D20A22908004D4B0C /* ListCompanies */ = {
			isa = PBXGroup;
			children = (
				A127BE5B20A209A4004D4B0C /* ListCompaniesTableViewController.swift */,
				A127BE6A20A2566E004D4B0C /* ListCompaniesViewModel.swift */,
				A127BE5E20A248BF004D4B0C /* CompanyCell.swift */,
				A127BE6020A249B0004D4B0C /* CompanyPresentation.swift */,
			);
			path = ListCompanies;
			sourceTree = "<group>";
		};
		A127BE6620A24E60004D4B0C /* Data */ = {
			isa = PBXGroup;
			children = (
				A127BE6720A24EA0004D4B0C /* CompanyCoreDataModel.xcdatamodeld */,
			);
			path = Data;
			sourceTree = "<group>";
		};
		A127BE7420A39A51004D4B0C /* DetailCompany */ = {
			isa = PBXGroup;
			children = (
				A127BE7620A39A79004D4B0C /* DetailCompanyTableViewController.swift */,
				A127BE7A20A3AAFD004D4B0C /* DetailCompanyPresentation.swift */,
				A127BE7C20A3B3B5004D4B0C /* DetailCompanyViewModel.swift */,
			);
			path = DetailCompany;
			sourceTree = "<group>";
		};
		A127BE7520A39A60004D4B0C /* CreateCompany */ = {
			isa = PBXGroup;
			children = (
				A127BE7820A39A90004D4B0C /* CreateCompanyTableViewController.swift */,
				A127BE7E20A49CF8004D4B0C /* CreateCompanyViewModel.swift */,
				A127BE8020A4A0F2004D4B0C /* CreateCompanyPresentation.swift */,
			);
			path = CreateCompany;
			sourceTree = "<group>";
		};
		A127BE8220A4C052004D4B0C /* Frameworks */ = {
			isa = PBXGroup;
			children = (
				A127BE8320A4C053004D4B0C /* VSTextField.framework */,
			);
			name = Frameworks;
			sourceTree = "<group>";
		};
		A127BE8620A4DA6C004D4B0C /* Extensions */ = {
			isa = PBXGroup;
			children = (
				A127BE8720A4DA7E004D4B0C /* UIViewController+Extension.swift */,
			);
			path = Extensions;
			sourceTree = "<group>";
		};
/* End PBXGroup section */

/* Begin PBXNativeTarget section */
		A127BE2E209F9919004D4B0C /* CompanyRegistration */ = {
			isa = PBXNativeTarget;
			buildConfigurationList = A127BE4C209F991D004D4B0C /* Build configuration list for PBXNativeTarget "CompanyRegistration" */;
			buildPhases = (
				A127BE2B209F9919004D4B0C /* Sources */,
				A127BE2C209F9919004D4B0C /* Frameworks */,
				A127BE2D209F9919004D4B0C /* Resources */,
				A127BE8520A4C081004D4B0C /* ShellScript */,
			);
			buildRules = (
			);
			dependencies = (
			);
			name = CompanyRegistration;
			productName = CompanyRegistration;
			productReference = A127BE2F209F9919004D4B0C /* CompanyRegistration.app */;
			productType = "com.apple.product-type.application";
		};
		A127BE42209F991D004D4B0C /* CompanyRegistrationTests */ = {
			isa = PBXNativeTarget;
			buildConfigurationList = A127BE4F209F991D004D4B0C /* Build configuration list for PBXNativeTarget "CompanyRegistrationTests" */;
			buildPhases = (
				A127BE3F209F991D004D4B0C /* Sources */,
				A127BE40209F991D004D4B0C /* Frameworks */,
				A127BE41209F991D004D4B0C /* Resources */,
			);
			buildRules = (
			);
			dependencies = (
				A127BE45209F991D004D4B0C /* PBXTargetDependency */,
			);
			name = CompanyRegistrationTests;
			productName = CompanyRegistrationTests;
			productReference = A127BE43209F991D004D4B0C /* CompanyRegistrationTests.xctest */;
			productType = "com.apple.product-type.bundle.unit-test";
		};
/* End PBXNativeTarget section */

/* Begin PBXProject section */
		A127BE27209F9919004D4B0C /* Project object */ = {
			isa = PBXProject;
			attributes = {
				LastSwiftUpdateCheck = 0930;
				LastUpgradeCheck = 0930;
				ORGANIZATIONNAME = "Wanis Corporation";
				TargetAttributes = {
					A127BE2E209F9919004D4B0C = {
						CreatedOnToolsVersion = 9.3;
					};
					A127BE42209F991D004D4B0C = {
						CreatedOnToolsVersion = 9.3;
						TestTargetID = A127BE2E209F9919004D4B0C;
					};
				};
			};
			buildConfigurationList = A127BE2A209F9919004D4B0C /* Build configuration list for PBXProject "CompanyRegistration" */;
			compatibilityVersion = "Xcode 9.3";
			developmentRegion = en;
			hasScannedForEncodings = 0;
			knownRegions = (
				en,
				Base,
			);
			mainGroup = A127BE26209F9919004D4B0C;
			productRefGroup = A127BE30209F9919004D4B0C /* Products */;
			projectDirPath = "";
			projectRoot = "";
			targets = (
				A127BE2E209F9919004D4B0C /* CompanyRegistration */,
				A127BE42209F991D004D4B0C /* CompanyRegistrationTests */,
			);
		};
/* End PBXProject section */

/* Begin PBXResourcesBuildPhase section */
		A127BE2D209F9919004D4B0C /* Resources */ = {
			isa = PBXResourcesBuildPhase;
			buildActionMask = 2147483647;
			files = (
				A127BE3D209F991D004D4B0C /* LaunchScreen.storyboard in Resources */,
				A127BE3A209F991D004D4B0C /* Assets.xcassets in Resources */,
				A127BE38209F9919004D4B0C /* Main.storyboard in Resources */,
			);
			runOnlyForDeploymentPostprocessing = 0;
		};
		A127BE41209F991D004D4B0C /* Resources */ = {
			isa = PBXResourcesBuildPhase;
			buildActionMask = 2147483647;
			files = (
			);
			runOnlyForDeploymentPostprocessing = 0;
		};
/* End PBXResourcesBuildPhase section */

/* Begin PBXShellScriptBuildPhase section */
		A127BE8520A4C081004D4B0C /* ShellScript */ = {
			isa = PBXShellScriptBuildPhase;
			buildActionMask = 2147483647;
			files = (
			);
			inputPaths = (
				"$(SRCROOT)/Carthage/Build/iOS/VSTextField.framework",
			);
			outputPaths = (
			);
			runOnlyForDeploymentPostprocessing = 0;
			shellPath = /bin/sh;
			shellScript = "/usr/local/bin/carthage copy-frameworks";
		};
/* End PBXShellScriptBuildPhase section */

/* Begin PBXSourcesBuildPhase section */
		A127BE2B209F9919004D4B0C /* Sources */ = {
			isa = PBXSourcesBuildPhase;
			buildActionMask = 2147483647;
			files = (
				A127BE7B20A3AAFD004D4B0C /* DetailCompanyPresentation.swift in Sources */,
				A127BE53209FFCD8004D4B0C /* Box.swift in Sources */,
				A127BE7F20A49CF8004D4B0C /* CreateCompanyViewModel.swift in Sources */,
				A127BE6520A24BF4004D4B0C /* InMemoryContacts.swift in Sources */,
				A127BE5F20A248BF004D4B0C /* CompanyCell.swift in Sources */,
				A127BE59209FFF79004D4B0C /* ModelProtocol.swift in Sources */,
				A127BE6920A24EA0004D4B0C /* CompanyCoreDataModel.xcdatamodeld in Sources */,
				A127BE33209F9919004D4B0C /* AppDelegate.swift in Sources */,
				A127BE8820A4DA7E004D4B0C /* UIViewController+Extension.swift in Sources */,
				A127BE6120A249B0004D4B0C /* CompanyPresentation.swift in Sources */,
				A127BE7D20A3B3B5004D4B0C /* DetailCompanyViewModel.swift in Sources */,
				A127BE57209FFE99004D4B0C /* Company.swift in Sources */,
				A127BE7120A337F5004D4B0C /* RetrieveContactsData.swift in Sources */,
				A127BE6320A24BE9004D4B0C /* RetrieveContacts.swift in Sources */,
				A127BE7720A39A79004D4B0C /* DetailCompanyTableViewController.swift in Sources */,
				A127BE7920A39A90004D4B0C /* CreateCompanyTableViewController.swift in Sources */,
				A127BE7320A36C4D004D4B0C /* Do.swift in Sources */,
				A127BE6B20A2566E004D4B0C /* ListCompaniesViewModel.swift in Sources */,
				A127BE8120A4A0F2004D4B0C /* CreateCompanyPresentation.swift in Sources */,
				A127BE5C20A209A4004D4B0C /* ListCompaniesTableViewController.swift in Sources */,
			);
			runOnlyForDeploymentPostprocessing = 0;
		};
		A127BE3F209F991D004D4B0C /* Sources */ = {
			isa = PBXSourcesBuildPhase;
			buildActionMask = 2147483647;
			files = (
				A127BE6D20A2642D004D4B0C /* RetrieveContactsMock.swift in Sources */,
				A127BE6F20A264F5004D4B0C /* RetrieveContactsFailureMock.swift in Sources */,
				A127BE48209F991D004D4B0C /* ListCompaniesViewModelTests.swift in Sources */,
				A127BE8B20A60952004D4B0C /* DetailCompanyViewModelTests.swift in Sources */,
			);
			runOnlyForDeploymentPostprocessing = 0;
		};
/* End PBXSourcesBuildPhase section */

/* Begin PBXTargetDependency section */
		A127BE45209F991D004D4B0C /* PBXTargetDependency */ = {
			isa = PBXTargetDependency;
			target = A127BE2E209F9919004D4B0C /* CompanyRegistration */;
			targetProxy = A127BE44209F991D004D4B0C /* PBXContainerItemProxy */;
		};
/* End PBXTargetDependency section */

/* Begin PBXVariantGroup section */
		A127BE36209F9919004D4B0C /* Main.storyboard */ = {
			isa = PBXVariantGroup;
			children = (
				A127BE37209F9919004D4B0C /* Base */,
			);
			name = Main.storyboard;
			sourceTree = "<group>";
		};
		A127BE3B209F991D004D4B0C /* LaunchScreen.storyboard */ = {
			isa = PBXVariantGroup;
			children = (
				A127BE3C209F991D004D4B0C /* Base */,
			);
			name = LaunchScreen.storyboard;
			sourceTree = "<group>";
		};
/* End PBXVariantGroup section */

/* Begin XCBuildConfiguration section */
		A127BE4A209F991D004D4B0C /* Debug */ = {
			isa = XCBuildConfiguration;
			buildSettings = {
				ALWAYS_SEARCH_USER_PATHS = NO;
				CLANG_ANALYZER_NONNULL = YES;
				CLANG_ANALYZER_NUMBER_OBJECT_CONVERSION = YES_AGGRESSIVE;
				CLANG_CXX_LANGUAGE_STANDARD = "gnu++14";
				CLANG_CXX_LIBRARY = "libc++";
				CLANG_ENABLE_MODULES = YES;
				CLANG_ENABLE_OBJC_ARC = YES;
				CLANG_ENABLE_OBJC_WEAK = YES;
				CLANG_WARN_BLOCK_CAPTURE_AUTORELEASING = YES;
				CLANG_WARN_BOOL_CONVERSION = YES;
				CLANG_WARN_COMMA = YES;
				CLANG_WARN_CONSTANT_CONVERSION = YES;
				CLANG_WARN_DEPRECATED_OBJC_IMPLEMENTATIONS = YES;
				CLANG_WARN_DIRECT_OBJC_ISA_USAGE = YES_ERROR;
				CLANG_WARN_DOCUMENTATION_COMMENTS = YES;
				CLANG_WARN_EMPTY_BODY = YES;
				CLANG_WARN_ENUM_CONVERSION = YES;
				CLANG_WARN_INFINITE_RECURSION = YES;
				CLANG_WARN_INT_CONVERSION = YES;
				CLANG_WARN_NON_LITERAL_NULL_CONVERSION = YES;
				CLANG_WARN_OBJC_IMPLICIT_RETAIN_SELF = YES;
				CLANG_WARN_OBJC_LITERAL_CONVERSION = YES;
				CLANG_WARN_OBJC_ROOT_CLASS = YES_ERROR;
				CLANG_WARN_RANGE_LOOP_ANALYSIS = YES;
				CLANG_WARN_STRICT_PROTOTYPES = YES;
				CLANG_WARN_SUSPICIOUS_MOVE = YES;
				CLANG_WARN_UNGUARDED_AVAILABILITY = YES_AGGRESSIVE;
				CLANG_WARN_UNREACHABLE_CODE = YES;
				CLANG_WARN__DUPLICATE_METHOD_MATCH = YES;
				CODE_SIGN_IDENTITY = "iPhone Developer";
				COPY_PHASE_STRIP = NO;
				DEBUG_INFORMATION_FORMAT = dwarf;
				ENABLE_STRICT_OBJC_MSGSEND = YES;
				ENABLE_TESTABILITY = YES;
				GCC_C_LANGUAGE_STANDARD = gnu11;
				GCC_DYNAMIC_NO_PIC = NO;
				GCC_NO_COMMON_BLOCKS = YES;
				GCC_OPTIMIZATION_LEVEL = 0;
				GCC_PREPROCESSOR_DEFINITIONS = (
					"DEBUG=1",
					"$(inherited)",
				);
				GCC_WARN_64_TO_32_BIT_CONVERSION = YES;
				GCC_WARN_ABOUT_RETURN_TYPE = YES_ERROR;
				GCC_WARN_UNDECLARED_SELECTOR = YES;
				GCC_WARN_UNINITIALIZED_AUTOS = YES_AGGRESSIVE;
				GCC_WARN_UNUSED_FUNCTION = YES;
				GCC_WARN_UNUSED_VARIABLE = YES;
				IPHONEOS_DEPLOYMENT_TARGET = 11.3;
				MTL_ENABLE_DEBUG_INFO = YES;
				ONLY_ACTIVE_ARCH = YES;
				SDKROOT = iphoneos;
				SWIFT_ACTIVE_COMPILATION_CONDITIONS = DEBUG;
				SWIFT_OPTIMIZATION_LEVEL = "-Onone";
			};
			name = Debug;
		};
		A127BE4B209F991D004D4B0C /* Release */ = {
			isa = XCBuildConfiguration;
			buildSettings = {
				ALWAYS_SEARCH_USER_PATHS = NO;
				CLANG_ANALYZER_NONNULL = YES;
				CLANG_ANALYZER_NUMBER_OBJECT_CONVERSION = YES_AGGRESSIVE;
				CLANG_CXX_LANGUAGE_STANDARD = "gnu++14";
				CLANG_CXX_LIBRARY = "libc++";
				CLANG_ENABLE_MODULES = YES;
				CLANG_ENABLE_OBJC_ARC = YES;
				CLANG_ENABLE_OBJC_WEAK = YES;
				CLANG_WARN_BLOCK_CAPTURE_AUTORELEASING = YES;
				CLANG_WARN_BOOL_CONVERSION = YES;
				CLANG_WARN_COMMA = YES;
				CLANG_WARN_CONSTANT_CONVERSION = YES;
				CLANG_WARN_DEPRECATED_OBJC_IMPLEMENTATIONS = YES;
				CLANG_WARN_DIRECT_OBJC_ISA_USAGE = YES_ERROR;
				CLANG_WARN_DOCUMENTATION_COMMENTS = YES;
				CLANG_WARN_EMPTY_BODY = YES;
				CLANG_WARN_ENUM_CONVERSION = YES;
				CLANG_WARN_INFINITE_RECURSION = YES;
				CLANG_WARN_INT_CONVERSION = YES;
				CLANG_WARN_NON_LITERAL_NULL_CONVERSION = YES;
				CLANG_WARN_OBJC_IMPLICIT_RETAIN_SELF = YES;
				CLANG_WARN_OBJC_LITERAL_CONVERSION = YES;
				CLANG_WARN_OBJC_ROOT_CLASS = YES_ERROR;
				CLANG_WARN_RANGE_LOOP_ANALYSIS = YES;
				CLANG_WARN_STRICT_PROTOTYPES = YES;
				CLANG_WARN_SUSPICIOUS_MOVE = YES;
				CLANG_WARN_UNGUARDED_AVAILABILITY = YES_AGGRESSIVE;
				CLANG_WARN_UNREACHABLE_CODE = YES;
				CLANG_WARN__DUPLICATE_METHOD_MATCH = YES;
				CODE_SIGN_IDENTITY = "iPhone Developer";
				COPY_PHASE_STRIP = NO;
				DEBUG_INFORMATION_FORMAT = "dwarf-with-dsym";
				ENABLE_NS_ASSERTIONS = NO;
				ENABLE_STRICT_OBJC_MSGSEND = YES;
				GCC_C_LANGUAGE_STANDARD = gnu11;
				GCC_NO_COMMON_BLOCKS = YES;
				GCC_WARN_64_TO_32_BIT_CONVERSION = YES;
				GCC_WARN_ABOUT_RETURN_TYPE = YES_ERROR;
				GCC_WARN_UNDECLARED_SELECTOR = YES;
				GCC_WARN_UNINITIALIZED_AUTOS = YES_AGGRESSIVE;
				GCC_WARN_UNUSED_FUNCTION = YES;
				GCC_WARN_UNUSED_VARIABLE = YES;
				IPHONEOS_DEPLOYMENT_TARGET = 11.3;
				MTL_ENABLE_DEBUG_INFO = NO;
				SDKROOT = iphoneos;
				SWIFT_COMPILATION_MODE = wholemodule;
				SWIFT_OPTIMIZATION_LEVEL = "-O";
				VALIDATE_PRODUCT = YES;
			};
			name = Release;
		};
		A127BE4D209F991D004D4B0C /* Debug */ = {
			isa = XCBuildConfiguration;
			buildSettings = {
				ASSETCATALOG_COMPILER_APPICON_NAME = AppIcon;
				CODE_SIGN_STYLE = Automatic;
				DEVELOPMENT_TEAM = H4K48S49BZ;
				FRAMEWORK_SEARCH_PATHS = (
					"$(inherited)",
					"$(PROJECT_DIR)/Carthage/Build/iOS",
				);
				INFOPLIST_FILE = CompanyRegistration/Info.plist;
				LD_RUNPATH_SEARCH_PATHS = (
					"$(inherited)",
					"@executable_path/Frameworks",
				);
				PRODUCT_BUNDLE_IDENTIFIER = com.wanis.CompanyRegistration;
				PRODUCT_NAME = "$(TARGET_NAME)";
				SWIFT_VERSION = 4.0;
				TARGETED_DEVICE_FAMILY = 1;
			};
			name = Debug;
		};
		A127BE4E209F991D004D4B0C /* Release */ = {
			isa = XCBuildConfiguration;
			buildSettings = {
				ASSETCATALOG_COMPILER_APPICON_NAME = AppIcon;
				CODE_SIGN_STYLE = Automatic;
				DEVELOPMENT_TEAM = H4K48S49BZ;
				FRAMEWORK_SEARCH_PATHS = (
					"$(inherited)",
					"$(PROJECT_DIR)/Carthage/Build/iOS",
				);
				INFOPLIST_FILE = CompanyRegistration/Info.plist;
				LD_RUNPATH_SEARCH_PATHS = (
					"$(inherited)",
					"@executable_path/Frameworks",
				);
				PRODUCT_BUNDLE_IDENTIFIER = com.wanis.CompanyRegistration;
				PRODUCT_NAME = "$(TARGET_NAME)";
				SWIFT_VERSION = 4.0;
				TARGETED_DEVICE_FAMILY = 1;
			};
			name = Release;
		};
		A127BE50209F991D004D4B0C /* Debug */ = {
			isa = XCBuildConfiguration;
			buildSettings = {
				ALWAYS_EMBED_SWIFT_STANDARD_LIBRARIES = YES;
				BUNDLE_LOADER = "$(TEST_HOST)";
				CODE_SIGN_STYLE = Automatic;
				DEVELOPMENT_TEAM = H4K48S49BZ;
				INFOPLIST_FILE = CompanyRegistrationTests/Info.plist;
				LD_RUNPATH_SEARCH_PATHS = (
					"$(inherited)",
					"@executable_path/Frameworks",
					"@loader_path/Frameworks",
				);
				PRODUCT_BUNDLE_IDENTIFIER = com.wanis.CompanyRegistrationTests;
				PRODUCT_NAME = "$(TARGET_NAME)";
				SWIFT_VERSION = 4.0;
				TARGETED_DEVICE_FAMILY = "1,2";
				TEST_HOST = "$(BUILT_PRODUCTS_DIR)/CompanyRegistration.app/CompanyRegistration";
			};
			name = Debug;
		};
		A127BE51209F991D004D4B0C /* Release */ = {
			isa = XCBuildConfiguration;
			buildSettings = {
				ALWAYS_EMBED_SWIFT_STANDARD_LIBRARIES = YES;
				BUNDLE_LOADER = "$(TEST_HOST)";
				CODE_SIGN_STYLE = Automatic;
				DEVELOPMENT_TEAM = H4K48S49BZ;
				INFOPLIST_FILE = CompanyRegistrationTests/Info.plist;
				LD_RUNPATH_SEARCH_PATHS = (
					"$(inherited)",
					"@executable_path/Frameworks",
					"@loader_path/Frameworks",
				);
				PRODUCT_BUNDLE_IDENTIFIER = com.wanis.CompanyRegistrationTests;
				PRODUCT_NAME = "$(TARGET_NAME)";
				SWIFT_VERSION = 4.0;
				TARGETED_DEVICE_FAMILY = "1,2";
				TEST_HOST = "$(BUILT_PRODUCTS_DIR)/CompanyRegistration.app/CompanyRegistration";
			};
			name = Release;
		};
/* End XCBuildConfiguration section */

/* Begin XCConfigurationList section */
		A127BE2A209F9919004D4B0C /* Build configuration list for PBXProject "CompanyRegistration" */ = {
			isa = XCConfigurationList;
			buildConfigurations = (
				A127BE4A209F991D004D4B0C /* Debug */,
				A127BE4B209F991D004D4B0C /* Release */,
			);
			defaultConfigurationIsVisible = 0;
			defaultConfigurationName = Release;
		};
		A127BE4C209F991D004D4B0C /* Build configuration list for PBXNativeTarget "CompanyRegistration" */ = {
			isa = XCConfigurationList;
			buildConfigurations = (
				A127BE4D209F991D004D4B0C /* Debug */,
				A127BE4E209F991D004D4B0C /* Release */,
			);
			defaultConfigurationIsVisible = 0;
			defaultConfigurationName = Release;
		};
		A127BE4F209F991D004D4B0C /* Build configuration list for PBXNativeTarget "CompanyRegistrationTests" */ = {
			isa = XCConfigurationList;
			buildConfigurations = (
				A127BE50209F991D004D4B0C /* Debug */,
				A127BE51209F991D004D4B0C /* Release */,
			);
			defaultConfigurationIsVisible = 0;
			defaultConfigurationName = Release;
		};
/* End XCConfigurationList section */

/* Begin XCVersionGroup section */
		A127BE6720A24EA0004D4B0C /* CompanyCoreDataModel.xcdatamodeld */ = {
			isa = XCVersionGroup;
			children = (
				A127BE6820A24EA0004D4B0C /* CompanyCoreDataModel.xcdatamodel */,
			);
			currentVersion = A127BE6820A24EA0004D4B0C /* CompanyCoreDataModel.xcdatamodel */;
			path = CompanyCoreDataModel.xcdatamodeld;
			sourceTree = "<group>";
			versionGroupType = wrapper.xcdatamodel;
		};
/* End XCVersionGroup section */
	};
	rootObject = A127BE27209F9919004D4B0C /* Project object */;
}
